
Microsoft Visual Studio Solution File, Format Version 12.00
# Visual Studio Version 18
VisualStudioVersion = 18.1.11312.151 d18.0
MinimumVisualStudioVersion = 10.0.40219.1
Project("{FAE04EC0-301F-11D3-BF4B-00C04F79EFBC}") = "ResortBook", "ResortBook.csproj", "{B57A993D-818A-EC4A-DB00-9995D976DF7B}"
EndProject
Global
	GlobalSection(SolutionConfigurationPlatforms) = preSolution
		Debug|Any CPU = Debug|Any CPU
		Release|Any CPU = Release|Any CPU
	EndGlobalSection
	GlobalSection(ProjectConfigurationPlatforms) = postSolution
		{B57A993D-818A-EC4A-DB00-9995D976DF7B}.Debug|Any CPU.ActiveCfg = Debug|Any CPU
		{B57A993D-818A-EC4A-DB00-9995D976DF7B}.Debug|Any CPU.Build.0 = Debug|Any CPU
		{B57A993D-818A-EC4A-DB00-9995D976DF7B}.Release|Any CPU.ActiveCfg = Release|Any CPU
		{B57A993D-818A-EC4A-DB00-9995D976DF7B}.Release|Any CPU.Build.0 = Release|Any CPU
	EndGlobalSection
	GlobalSection(SolutionProperties) = preSolution
		HideSolutionNode = FALSE
	EndGlobalSection
	GlobalSection(ExtensibilityGlobals) = postSolution
		SolutionGuid = {4EB6D745-DB79-4742-B3A9-873BCBBD0999}
	EndGlobalSection
EndGlobal
